
Microsoft Visual Studio Solution File, Format Version 12.00
# Visual Studio Version 17
VisualStudioVersion = 17.0.31903.59
MinimumVisualStudioVersion = 10.0.40219.1
Project("{FAE04EC0-301F-11D3-BF4B-00C04F79EFBC}") = "UniversalDiveDataFormat", "UniversalDiveDataFormat\UniversalDiveDataFormat.csproj", "{A7348E78-0D88-4DC6-AD1E-0244699AE6BE}"
EndProject
Project("{FAE04EC0-301F-11D3-BF4B-00C04F79EFBC}") = "UniversalDiveDataFormat.Tests", "UniversalDiveDataFormat.Tests\UniversalDiveDataFormat.Tests.csproj", "{51DE6B18-5765-4A92-B47B-1908FBF28925}"
EndProject
Global
	GlobalSection(SolutionConfigurationPlatforms) = preSolution
		Debug|Any CPU = Debug|Any CPU
		Release|Any CPU = Release|Any CPU
	EndGlobalSection
	GlobalSection(SolutionProperties) = preSolution
		HideSolutionNode = FALSE
	EndGlobalSection
	GlobalSection(ProjectConfigurationPlatforms) = postSolution
		{A7348E78-0D88-4DC6-AD1E-0244699AE6BE}.Debug|Any CPU.ActiveCfg = Debug|Any CPU
		{A7348E78-0D88-4DC6-AD1E-0244699AE6BE}.Debug|Any CPU.Build.0 = Debug|Any CPU
		{A7348E78-0D88-4DC6-AD1E-0244699AE6BE}.Release|Any CPU.ActiveCfg = Release|Any CPU
		{A7348E78-0D88-4DC6-AD1E-0244699AE6BE}.Release|Any CPU.Build.0 = Release|Any CPU
		{51DE6B18-5765-4A92-B47B-1908FBF28925}.Debug|Any CPU.ActiveCfg = Debug|Any CPU
		{51DE6B18-5765-4A92-B47B-1908FBF28925}.Debug|Any CPU.Build.0 = Debug|Any CPU
		{51DE6B18-5765-4A92-B47B-1908FBF28925}.Release|Any CPU.ActiveCfg = Release|Any CPU
		{51DE6B18-5765-4A92-B47B-1908FBF28925}.Release|Any CPU.Build.0 = Release|Any CPU
	EndGlobalSection
EndGlobal
